{
  "nodes": {
    "nixpkgs": {
      "locked": {
        "lastModified": 1730537510,
        "narHash": "sha256-8KyoJHD51D8zzokPgwNvoc6wjYJdtC4L017uTWSUaGc=",
        "owner": "NixOS",
        "repo": "nixpkgs",
        "rev": "b2c036cd1f7af31496cbf29aa251ad6878b003da",
        "type": "github"
      },
      "original": {
        "owner": "NixOS",
        "repo": "nixpkgs",
        "type": "github"
      }
    },
    "root": {
      "inputs": {
        "nixpkgs": "nixpkgs"
      }
    }
  },
  "root": "root",
  "version": 7
}
