{
  "nodes": {
    "nixpkgs": {
      "locked": {
        "lastModified": 1730551536,
        "narHash": "sha256-SKK98qZ/28+TnPuRBZoUvl0c4ILOq3eX3dsNxS9DQ6M=",
        "owner": "NixOS",
        "repo": "nixpkgs",
        "rev": "e209844b7d2da433a4f23d5d2ca41f8ce6cb6443",
        "type": "github"
      },
      "original": {
        "owner": "NixOS",
        "repo": "nixpkgs",
        "type": "github"
      }
    },
    "root": {
      "inputs": {
        "nixpkgs": "nixpkgs"
      }
    }
  },
  "root": "root",
  "version": 7
}
